
Microsoft Visual Studio Solution File, Format Version 12.00
# Visual Studio Version 17
VisualStudioVersion = 17.5.002.0
MinimumVisualStudioVersion = 10.0.40219.1
Project("{2150E333-8FDC-42A3-9474-1A3956D46DE8}") = "GoF", "GoF", "{B59C59C0-AA72-48A7-8830-51BAA7E56E02}"
EndProject
Project("{2150E333-8FDC-42A3-9474-1A3956D46DE8}") = "3.Behavioral", "3.Behavioral", "{4621F690-8523-4ABF-8E83-95F115C23CB3}"
EndProject
Project("{2150E333-8FDC-42A3-9474-1A3956D46DE8}") = "1.State", "1.State", "{5E6788B3-5332-4377-B371-914598CC30EC}"
EndProject
Project("{2150E333-8FDC-42A3-9474-1A3956D46DE8}") = "Dotnet", "Dotnet", "{F273ACD9-742F-4726-B85B-25DAAFEF8DB5}"
EndProject
Project("{9A19103F-16F7-4668-BE54-9A1E7A4F7556}") = "Demo", "GoF\3.Behavioral\1.State\Dotnet\OrquestratedByState\Demo.csproj", "{2570FAE5-8426-414D-BBCC-6BE477EA8217}"
EndProject
Global
	GlobalSection(SolutionConfigurationPlatforms) = preSolution
		Debug|Any CPU = Debug|Any CPU
		Release|Any CPU = Release|Any CPU
	EndGlobalSection
	GlobalSection(ProjectConfigurationPlatforms) = postSolution
		{2570FAE5-8426-414D-BBCC-6BE477EA8217}.Debug|Any CPU.ActiveCfg = Debug|Any CPU
		{2570FAE5-8426-414D-BBCC-6BE477EA8217}.Debug|Any CPU.Build.0 = Debug|Any CPU
		{2570FAE5-8426-414D-BBCC-6BE477EA8217}.Release|Any CPU.ActiveCfg = Release|Any CPU
		{2570FAE5-8426-414D-BBCC-6BE477EA8217}.Release|Any CPU.Build.0 = Release|Any CPU
	EndGlobalSection
	GlobalSection(SolutionProperties) = preSolution
		HideSolutionNode = FALSE
	EndGlobalSection
	GlobalSection(NestedProjects) = preSolution
		{4621F690-8523-4ABF-8E83-95F115C23CB3} = {B59C59C0-AA72-48A7-8830-51BAA7E56E02}
		{5E6788B3-5332-4377-B371-914598CC30EC} = {4621F690-8523-4ABF-8E83-95F115C23CB3}
		{F273ACD9-742F-4726-B85B-25DAAFEF8DB5} = {5E6788B3-5332-4377-B371-914598CC30EC}
		{2570FAE5-8426-414D-BBCC-6BE477EA8217} = {F273ACD9-742F-4726-B85B-25DAAFEF8DB5}
	EndGlobalSection
	GlobalSection(ExtensibilityGlobals) = postSolution
		SolutionGuid = {40D663D2-3EF0-4B9F-810D-F84F1857FFFA}
	EndGlobalSection
EndGlobal
